
Microsoft Visual Studio Solution File, Format Version 12.00
# Visual Studio 14
VisualStudioVersion = 14.0.25420.1
MinimumVisualStudioVersion = 10.0.40219.1
Project("{F184B08F-C81C-45F6-A57F-5ABD9991F28F}") = "Patron.State", "Patron.State\Patron.State.vbproj", "{8F360BAD-3624-4EDA-9027-B1AD7D759F9C}"
EndProject
Project("{F184B08F-C81C-45F6-A57F-5ABD9991F28F}") = "Patron.Strategy", "Patron.Strategy\Patron.Strategy.vbproj", "{EF252B95-F0E1-4560-B4C7-6487BF323B08}"
EndProject
Project("{F184B08F-C81C-45F6-A57F-5ABD9991F28F}") = "Patron.ChainOfResponsability", "Patron.ChainOfResponsability\Patron.ChainOfResponsability.vbproj", "{E0FA1BAC-7F3B-4DED-B9BE-39C983DD997E}"
EndProject
Project("{F184B08F-C81C-45F6-A57F-5ABD9991F28F}") = "Patron.Observer", "Patron.Observer\Patron.Observer.vbproj", "{DC53B85F-A37E-4FC8-BE58-6BFE8A1F0BF9}"
EndProject
Project("{F184B08F-C81C-45F6-A57F-5ABD9991F28F}") = "Patron.Observer2", "Patron.Observer2\Patron.Observer2.vbproj", "{4DF8CE84-1CD5-4192-8816-F22D9B09BB91}"
EndProject
Project("{F184B08F-C81C-45F6-A57F-5ABD9991F28F}") = "Patrones.Command", "Patrones.Command\Patrones.Command.vbproj", "{06D349E2-1A32-45C0-A922-8C3A57AF8378}"
EndProject
Project("{F184B08F-C81C-45F6-A57F-5ABD9991F28F}") = "Patron.Builder", "Patron.Builder\Patron.Builder.vbproj", "{42DCD25C-A5E7-496C-8DBC-6E9D9CA47B5A}"
EndProject
Project("{F184B08F-C81C-45F6-A57F-5ABD9991F28F}") = "Patron.State2", "Patron.State2\Patron.State2.vbproj", "{327F3F71-EFAC-4B25-8CE7-A9E100C3D3D6}"
EndProject
Project("{F184B08F-C81C-45F6-A57F-5ABD9991F28F}") = "Patron.Builder2", "Patron.Builder2\Patron.Builder2.vbproj", "{F6D07E8F-5F2A-4142-A2BF-6CD51E3CC534}"
EndProject
Project("{F184B08F-C81C-45F6-A57F-5ABD9991F28F}") = "Patron.Strategy2", "Patron.Strategy2\Patron.Strategy2.vbproj", "{C88323A7-E338-4B9E-AF81-6F6780E5F93F}"
EndProject
Project("{F184B08F-C81C-45F6-A57F-5ABD9991F28F}") = "Patron.Observer3", "Patron.Observer3\Patron.Observer3.vbproj", "{06E6235D-A986-4B73-B222-A5959C17D59B}"
EndProject
Project("{F184B08F-C81C-45F6-A57F-5ABD9991F28F}") = "Patron.Observer4", "Patron.Observer4\Patron.Observer4.vbproj", "{5661A574-2951-4CF2-83E1-79E4D1A265F1}"
EndProject
Project("{F184B08F-C81C-45F6-A57F-5ABD9991F28F}") = "Patron.Observer5", "Patron.Observer5\Patron.Observer5.vbproj", "{7728A69B-9A06-4A21-95F4-BF5C139CFC18}"
EndProject
Project("{F184B08F-C81C-45F6-A57F-5ABD9991F28F}") = "Patron.StateObserver", "Patron.StateObserver\Patron.StateObserver.vbproj", "{B6835430-1AD7-4DAE-9D97-3559A0E2CFC9}"
EndProject
Project("{F184B08F-C81C-45F6-A57F-5ABD9991F28F}") = "Patron.Bridge", "Patron.Bridge\Patron.Bridge.vbproj", "{79D2DE55-A3EC-4C1B-926D-FF297C5FEF74}"
EndProject
Project("{F184B08F-C81C-45F6-A57F-5ABD9991F28F}") = "Patron.Flyweight", "Patron.Flyweight\Patron.Flyweight.vbproj", "{2D6429BF-6496-4B52-9275-3DF0F472FF8E}"
EndProject
Project("{F184B08F-C81C-45F6-A57F-5ABD9991F28F}") = "Patron.Flyweight2", "Patron.Flyweight2\Patron.Flyweight2.vbproj", "{1B076D52-6190-43F6-B054-E2F1E259BDF6}"
EndProject
Project("{F184B08F-C81C-45F6-A57F-5ABD9991F28F}") = "Patron.Flyweight3", "Patron.Flyweight3\Patron.Flyweight3.vbproj", "{EF9E2552-E82B-4D48-AEE4-A58A08B90057}"
EndProject
Project("{F184B08F-C81C-45F6-A57F-5ABD9991F28F}") = "Patron.Bridge2", "Patron.Bridge2\Patron.Bridge2.vbproj", "{BE3921C2-1838-4540-809E-3EB8BFFACDA2}"
EndProject
Global
	GlobalSection(SolutionConfigurationPlatforms) = preSolution
		Debug|Any CPU = Debug|Any CPU
		Release|Any CPU = Release|Any CPU
	EndGlobalSection
	GlobalSection(ProjectConfigurationPlatforms) = postSolution
		{8F360BAD-3624-4EDA-9027-B1AD7D759F9C}.Debug|Any CPU.ActiveCfg = Debug|Any CPU
		{8F360BAD-3624-4EDA-9027-B1AD7D759F9C}.Debug|Any CPU.Build.0 = Debug|Any CPU
		{8F360BAD-3624-4EDA-9027-B1AD7D759F9C}.Release|Any CPU.ActiveCfg = Release|Any CPU
		{8F360BAD-3624-4EDA-9027-B1AD7D759F9C}.Release|Any CPU.Build.0 = Release|Any CPU
		{EF252B95-F0E1-4560-B4C7-6487BF323B08}.Debug|Any CPU.ActiveCfg = Debug|Any CPU
		{EF252B95-F0E1-4560-B4C7-6487BF323B08}.Debug|Any CPU.Build.0 = Debug|Any CPU
		{EF252B95-F0E1-4560-B4C7-6487BF323B08}.Release|Any CPU.ActiveCfg = Release|Any CPU
		{EF252B95-F0E1-4560-B4C7-6487BF323B08}.Release|Any CPU.Build.0 = Release|Any CPU
		{E0FA1BAC-7F3B-4DED-B9BE-39C983DD997E}.Debug|Any CPU.ActiveCfg = Debug|Any CPU
		{E0FA1BAC-7F3B-4DED-B9BE-39C983DD997E}.Debug|Any CPU.Build.0 = Debug|Any CPU
		{E0FA1BAC-7F3B-4DED-B9BE-39C983DD997E}.Release|Any CPU.ActiveCfg = Release|Any CPU
		{E0FA1BAC-7F3B-4DED-B9BE-39C983DD997E}.Release|Any CPU.Build.0 = Release|Any CPU
		{DC53B85F-A37E-4FC8-BE58-6BFE8A1F0BF9}.Debug|Any CPU.ActiveCfg = Debug|Any CPU
		{DC53B85F-A37E-4FC8-BE58-6BFE8A1F0BF9}.Debug|Any CPU.Build.0 = Debug|Any CPU
		{DC53B85F-A37E-4FC8-BE58-6BFE8A1F0BF9}.Release|Any CPU.ActiveCfg = Release|Any CPU
		{DC53B85F-A37E-4FC8-BE58-6BFE8A1F0BF9}.Release|Any CPU.Build.0 = Release|Any CPU
		{4DF8CE84-1CD5-4192-8816-F22D9B09BB91}.Debug|Any CPU.ActiveCfg = Debug|Any CPU
		{4DF8CE84-1CD5-4192-8816-F22D9B09BB91}.Debug|Any CPU.Build.0 = Debug|Any CPU
		{4DF8CE84-1CD5-4192-8816-F22D9B09BB91}.Release|Any CPU.ActiveCfg = Release|Any CPU
		{4DF8CE84-1CD5-4192-8816-F22D9B09BB91}.Release|Any CPU.Build.0 = Release|Any CPU
		{06D349E2-1A32-45C0-A922-8C3A57AF8378}.Debug|Any CPU.ActiveCfg = Debug|Any CPU
		{06D349E2-1A32-45C0-A922-8C3A57AF8378}.Debug|Any CPU.Build.0 = Debug|Any CPU
		{06D349E2-1A32-45C0-A922-8C3A57AF8378}.Release|Any CPU.ActiveCfg = Release|Any CPU
		{06D349E2-1A32-45C0-A922-8C3A57AF8378}.Release|Any CPU.Build.0 = Release|Any CPU
		{42DCD25C-A5E7-496C-8DBC-6E9D9CA47B5A}.Debug|Any CPU.ActiveCfg = Debug|Any CPU
		{42DCD25C-A5E7-496C-8DBC-6E9D9CA47B5A}.Debug|Any CPU.Build.0 = Debug|Any CPU
		{42DCD25C-A5E7-496C-8DBC-6E9D9CA47B5A}.Release|Any CPU.ActiveCfg = Release|Any CPU
		{42DCD25C-A5E7-496C-8DBC-6E9D9CA47B5A}.Release|Any CPU.Build.0 = Release|Any CPU
		{327F3F71-EFAC-4B25-8CE7-A9E100C3D3D6}.Debug|Any CPU.ActiveCfg = Debug|Any CPU
		{327F3F71-EFAC-4B25-8CE7-A9E100C3D3D6}.Debug|Any CPU.Build.0 = Debug|Any CPU
		{327F3F71-EFAC-4B25-8CE7-A9E100C3D3D6}.Release|Any CPU.ActiveCfg = Release|Any CPU
		{327F3F71-EFAC-4B25-8CE7-A9E100C3D3D6}.Release|Any CPU.Build.0 = Release|Any CPU
		{F6D07E8F-5F2A-4142-A2BF-6CD51E3CC534}.Debug|Any CPU.ActiveCfg = Debug|Any CPU
		{F6D07E8F-5F2A-4142-A2BF-6CD51E3CC534}.Debug|Any CPU.Build.0 = Debug|Any CPU
		{F6D07E8F-5F2A-4142-A2BF-6CD51E3CC534}.Release|Any CPU.ActiveCfg = Release|Any CPU
		{F6D07E8F-5F2A-4142-A2BF-6CD51E3CC534}.Release|Any CPU.Build.0 = Release|Any CPU
		{C88323A7-E338-4B9E-AF81-6F6780E5F93F}.Debug|Any CPU.ActiveCfg = Debug|Any CPU
		{C88323A7-E338-4B9E-AF81-6F6780E5F93F}.Debug|Any CPU.Build.0 = Debug|Any CPU
		{C88323A7-E338-4B9E-AF81-6F6780E5F93F}.Release|Any CPU.ActiveCfg = Release|Any CPU
		{C88323A7-E338-4B9E-AF81-6F6780E5F93F}.Release|Any CPU.Build.0 = Release|Any CPU
		{06E6235D-A986-4B73-B222-A5959C17D59B}.Debug|Any CPU.ActiveCfg = Debug|Any CPU
		{06E6235D-A986-4B73-B222-A5959C17D59B}.Debug|Any CPU.Build.0 = Debug|Any CPU
		{06E6235D-A986-4B73-B222-A5959C17D59B}.Release|Any CPU.ActiveCfg = Release|Any CPU
		{06E6235D-A986-4B73-B222-A5959C17D59B}.Release|Any CPU.Build.0 = Release|Any CPU
		{5661A574-2951-4CF2-83E1-79E4D1A265F1}.Debug|Any CPU.ActiveCfg = Debug|Any CPU
		{5661A574-2951-4CF2-83E1-79E4D1A265F1}.Debug|Any CPU.Build.0 = Debug|Any CPU
		{5661A574-2951-4CF2-83E1-79E4D1A265F1}.Release|Any CPU.ActiveCfg = Release|Any CPU
		{5661A574-2951-4CF2-83E1-79E4D1A265F1}.Release|Any CPU.Build.0 = Release|Any CPU
		{7728A69B-9A06-4A21-95F4-BF5C139CFC18}.Debug|Any CPU.ActiveCfg = Debug|Any CPU
		{7728A69B-9A06-4A21-95F4-BF5C139CFC18}.Debug|Any CPU.Build.0 = Debug|Any CPU
		{7728A69B-9A06-4A21-95F4-BF5C139CFC18}.Release|Any CPU.ActiveCfg = Release|Any CPU
		{7728A69B-9A06-4A21-95F4-BF5C139CFC18}.Release|Any CPU.Build.0 = Release|Any CPU
		{B6835430-1AD7-4DAE-9D97-3559A0E2CFC9}.Debug|Any CPU.ActiveCfg = Debug|Any CPU
		{B6835430-1AD7-4DAE-9D97-3559A0E2CFC9}.Debug|Any CPU.Build.0 = Debug|Any CPU
		{B6835430-1AD7-4DAE-9D97-3559A0E2CFC9}.Release|Any CPU.ActiveCfg = Release|Any CPU
		{B6835430-1AD7-4DAE-9D97-3559A0E2CFC9}.Release|Any CPU.Build.0 = Release|Any CPU
		{79D2DE55-A3EC-4C1B-926D-FF297C5FEF74}.Debug|Any CPU.ActiveCfg = Debug|Any CPU
		{79D2DE55-A3EC-4C1B-926D-FF297C5FEF74}.Debug|Any CPU.Build.0 = Debug|Any CPU
		{79D2DE55-A3EC-4C1B-926D-FF297C5FEF74}.Release|Any CPU.ActiveCfg = Release|Any CPU
		{79D2DE55-A3EC-4C1B-926D-FF297C5FEF74}.Release|Any CPU.Build.0 = Release|Any CPU
		{2D6429BF-6496-4B52-9275-3DF0F472FF8E}.Debug|Any CPU.ActiveCfg = Debug|Any CPU
		{2D6429BF-6496-4B52-9275-3DF0F472FF8E}.Debug|Any CPU.Build.0 = Debug|Any CPU
		{2D6429BF-6496-4B52-9275-3DF0F472FF8E}.Release|Any CPU.ActiveCfg = Release|Any CPU
		{2D6429BF-6496-4B52-9275-3DF0F472FF8E}.Release|Any CPU.Build.0 = Release|Any CPU
		{1B076D52-6190-43F6-B054-E2F1E259BDF6}.Debug|Any CPU.ActiveCfg = Debug|Any CPU
		{1B076D52-6190-43F6-B054-E2F1E259BDF6}.Debug|Any CPU.Build.0 = Debug|Any CPU
		{1B076D52-6190-43F6-B054-E2F1E259BDF6}.Release|Any CPU.ActiveCfg = Release|Any CPU
		{1B076D52-6190-43F6-B054-E2F1E259BDF6}.Release|Any CPU.Build.0 = Release|Any CPU
		{EF9E2552-E82B-4D48-AEE4-A58A08B90057}.Debug|Any CPU.ActiveCfg = Debug|Any CPU
		{EF9E2552-E82B-4D48-AEE4-A58A08B90057}.Debug|Any CPU.Build.0 = Debug|Any CPU
		{EF9E2552-E82B-4D48-AEE4-A58A08B90057}.Release|Any CPU.ActiveCfg = Release|Any CPU
		{EF9E2552-E82B-4D48-AEE4-A58A08B90057}.Release|Any CPU.Build.0 = Release|Any CPU
		{BE3921C2-1838-4540-809E-3EB8BFFACDA2}.Debug|Any CPU.ActiveCfg = Debug|Any CPU
		{BE3921C2-1838-4540-809E-3EB8BFFACDA2}.Debug|Any CPU.Build.0 = Debug|Any CPU
		{BE3921C2-1838-4540-809E-3EB8BFFACDA2}.Release|Any CPU.ActiveCfg = Release|Any CPU
		{BE3921C2-1838-4540-809E-3EB8BFFACDA2}.Release|Any CPU.Build.0 = Release|Any CPU
	EndGlobalSection
	GlobalSection(SolutionProperties) = preSolution
		HideSolutionNode = FALSE
	EndGlobalSection
EndGlobal
